
Microsoft Visual Studio Solution File, Format Version 12.00
# Visual Studio 15
VisualStudioVersion = 15.0.26124.0
MinimumVisualStudioVersion = 15.0.26124.0
Project("{FAE04EC0-301F-11D3-BF4B-00C04F79EFBC}") = "CookBook.Data", "CookBook.Data\CookBook.Data.csproj", "{BE7D8878-AF6C-4F34-9071-17730B4AAD69}"
EndProject
Project("{FAE04EC0-301F-11D3-BF4B-00C04F79EFBC}") = "CookBook.Core", "CookBook.Core\CookBook.Core.csproj", "{3E20C230-54B8-4F85-BFFE-AD91F56BE559}"
EndProject
Project("{FAE04EC0-301F-11D3-BF4B-00C04F79EFBC}") = "CookBook", "CookBook\CookBook.csproj", "{0F48AFD0-CC5B-43EB-BF03-36687F4489CA}"
EndProject
Global
	GlobalSection(SolutionConfigurationPlatforms) = preSolution
		Debug|Any CPU = Debug|Any CPU
		Debug|x64 = Debug|x64
		Debug|x86 = Debug|x86
		Release|Any CPU = Release|Any CPU
		Release|x64 = Release|x64
		Release|x86 = Release|x86
	EndGlobalSection
	GlobalSection(SolutionProperties) = preSolution
		HideSolutionNode = FALSE
	EndGlobalSection
	GlobalSection(ProjectConfigurationPlatforms) = postSolution
		{BE7D8878-AF6C-4F34-9071-17730B4AAD69}.Debug|Any CPU.ActiveCfg = Debug|Any CPU
		{BE7D8878-AF6C-4F34-9071-17730B4AAD69}.Debug|Any CPU.Build.0 = Debug|Any CPU
		{BE7D8878-AF6C-4F34-9071-17730B4AAD69}.Debug|x64.ActiveCfg = Debug|Any CPU
		{BE7D8878-AF6C-4F34-9071-17730B4AAD69}.Debug|x64.Build.0 = Debug|Any CPU
		{BE7D8878-AF6C-4F34-9071-17730B4AAD69}.Debug|x86.ActiveCfg = Debug|Any CPU
		{BE7D8878-AF6C-4F34-9071-17730B4AAD69}.Debug|x86.Build.0 = Debug|Any CPU
		{BE7D8878-AF6C-4F34-9071-17730B4AAD69}.Release|Any CPU.ActiveCfg = Release|Any CPU
		{BE7D8878-AF6C-4F34-9071-17730B4AAD69}.Release|Any CPU.Build.0 = Release|Any CPU
		{BE7D8878-AF6C-4F34-9071-17730B4AAD69}.Release|x64.ActiveCfg = Release|Any CPU
		{BE7D8878-AF6C-4F34-9071-17730B4AAD69}.Release|x64.Build.0 = Release|Any CPU
		{BE7D8878-AF6C-4F34-9071-17730B4AAD69}.Release|x86.ActiveCfg = Release|Any CPU
		{BE7D8878-AF6C-4F34-9071-17730B4AAD69}.Release|x86.Build.0 = Release|Any CPU
		{3E20C230-54B8-4F85-BFFE-AD91F56BE559}.Debug|Any CPU.ActiveCfg = Debug|Any CPU
		{3E20C230-54B8-4F85-BFFE-AD91F56BE559}.Debug|Any CPU.Build.0 = Debug|Any CPU
		{3E20C230-54B8-4F85-BFFE-AD91F56BE559}.Debug|x64.ActiveCfg = Debug|Any CPU
		{3E20C230-54B8-4F85-BFFE-AD91F56BE559}.Debug|x64.Build.0 = Debug|Any CPU
		{3E20C230-54B8-4F85-BFFE-AD91F56BE559}.Debug|x86.ActiveCfg = Debug|Any CPU
		{3E20C230-54B8-4F85-BFFE-AD91F56BE559}.Debug|x86.Build.0 = Debug|Any CPU
		{3E20C230-54B8-4F85-BFFE-AD91F56BE559}.Release|Any CPU.ActiveCfg = Release|Any CPU
		{3E20C230-54B8-4F85-BFFE-AD91F56BE559}.Release|Any CPU.Build.0 = Release|Any CPU
		{3E20C230-54B8-4F85-BFFE-AD91F56BE559}.Release|x64.ActiveCfg = Release|Any CPU
		{3E20C230-54B8-4F85-BFFE-AD91F56BE559}.Release|x64.Build.0 = Release|Any CPU
		{3E20C230-54B8-4F85-BFFE-AD91F56BE559}.Release|x86.ActiveCfg = Release|Any CPU
		{3E20C230-54B8-4F85-BFFE-AD91F56BE559}.Release|x86.Build.0 = Release|Any CPU
		{0F48AFD0-CC5B-43EB-BF03-36687F4489CA}.Debug|Any CPU.ActiveCfg = Debug|Any CPU
		{0F48AFD0-CC5B-43EB-BF03-36687F4489CA}.Debug|Any CPU.Build.0 = Debug|Any CPU
		{0F48AFD0-CC5B-43EB-BF03-36687F4489CA}.Debug|x64.ActiveCfg = Debug|Any CPU
		{0F48AFD0-CC5B-43EB-BF03-36687F4489CA}.Debug|x64.Build.0 = Debug|Any CPU
		{0F48AFD0-CC5B-43EB-BF03-36687F4489CA}.Debug|x86.ActiveCfg = Debug|Any CPU
		{0F48AFD0-CC5B-43EB-BF03-36687F4489CA}.Debug|x86.Build.0 = Debug|Any CPU
		{0F48AFD0-CC5B-43EB-BF03-36687F4489CA}.Release|Any CPU.ActiveCfg = Release|Any CPU
		{0F48AFD0-CC5B-43EB-BF03-36687F4489CA}.Release|Any CPU.Build.0 = Release|Any CPU
		{0F48AFD0-CC5B-43EB-BF03-36687F4489CA}.Release|x64.ActiveCfg = Release|Any CPU
		{0F48AFD0-CC5B-43EB-BF03-36687F4489CA}.Release|x64.Build.0 = Release|Any CPU
		{0F48AFD0-CC5B-43EB-BF03-36687F4489CA}.Release|x86.ActiveCfg = Release|Any CPU
		{0F48AFD0-CC5B-43EB-BF03-36687F4489CA}.Release|x86.Build.0 = Release|Any CPU
	EndGlobalSection
EndGlobal
