
Microsoft Visual Studio Solution File, Format Version 12.00
# Visual Studio 15
VisualStudioVersion = 15.0.26124.0
MinimumVisualStudioVersion = 15.0.26124.0
Project("{FAE04EC0-301F-11D3-BF4B-00C04F79EFBC}") = "SimpleStringsComparison.ConsoleApps", "SimpleStringsComparison.ConsoleApp\consoleApps.csproj", "{169C6ACB-B689-4A90-BE0C-D87CA52DD01B}"
EndProject
Project("{FAE04EC0-301F-11D3-BF4B-00C04F79EFBC}") = "SimpleStringsComparison.Tests", "SimpleStringsComparison.Tests\tests.csproj", "{B13545F0-3368-4B1C-9715-FEBFE8D51A6A}"
EndProject
Project("{FAE04EC0-301F-11D3-BF4B-00C04F79EFBC}") = "SimpleAsync.ConsoleApp", "SimpleAsyncConsoleApp\SimpleAsyncConsoleApp.csproj", "{E9D2BC64-65FB-47CF-ABD5-94EB2E7F1EBB}"
EndProject
Global
	GlobalSection(SolutionConfigurationPlatforms) = preSolution
		Debug|Any CPU = Debug|Any CPU
		Debug|x64 = Debug|x64
		Debug|x86 = Debug|x86
		Release|Any CPU = Release|Any CPU
		Release|x64 = Release|x64
		Release|x86 = Release|x86
	EndGlobalSection
	GlobalSection(SolutionProperties) = preSolution
		HideSolutionNode = FALSE
	EndGlobalSection
	GlobalSection(ProjectConfigurationPlatforms) = postSolution
		{169C6ACB-B689-4A90-BE0C-D87CA52DD01B}.Debug|Any CPU.ActiveCfg = Debug|Any CPU
		{169C6ACB-B689-4A90-BE0C-D87CA52DD01B}.Debug|Any CPU.Build.0 = Debug|Any CPU
		{169C6ACB-B689-4A90-BE0C-D87CA52DD01B}.Debug|x64.ActiveCfg = Debug|Any CPU
		{169C6ACB-B689-4A90-BE0C-D87CA52DD01B}.Debug|x64.Build.0 = Debug|Any CPU
		{169C6ACB-B689-4A90-BE0C-D87CA52DD01B}.Debug|x86.ActiveCfg = Debug|Any CPU
		{169C6ACB-B689-4A90-BE0C-D87CA52DD01B}.Debug|x86.Build.0 = Debug|Any CPU
		{169C6ACB-B689-4A90-BE0C-D87CA52DD01B}.Release|Any CPU.ActiveCfg = Release|Any CPU
		{169C6ACB-B689-4A90-BE0C-D87CA52DD01B}.Release|Any CPU.Build.0 = Release|Any CPU
		{169C6ACB-B689-4A90-BE0C-D87CA52DD01B}.Release|x64.ActiveCfg = Release|Any CPU
		{169C6ACB-B689-4A90-BE0C-D87CA52DD01B}.Release|x64.Build.0 = Release|Any CPU
		{169C6ACB-B689-4A90-BE0C-D87CA52DD01B}.Release|x86.ActiveCfg = Release|Any CPU
		{169C6ACB-B689-4A90-BE0C-D87CA52DD01B}.Release|x86.Build.0 = Release|Any CPU
		{B13545F0-3368-4B1C-9715-FEBFE8D51A6A}.Debug|Any CPU.ActiveCfg = Debug|Any CPU
		{B13545F0-3368-4B1C-9715-FEBFE8D51A6A}.Debug|Any CPU.Build.0 = Debug|Any CPU
		{B13545F0-3368-4B1C-9715-FEBFE8D51A6A}.Debug|x64.ActiveCfg = Debug|Any CPU
		{B13545F0-3368-4B1C-9715-FEBFE8D51A6A}.Debug|x64.Build.0 = Debug|Any CPU
		{B13545F0-3368-4B1C-9715-FEBFE8D51A6A}.Debug|x86.ActiveCfg = Debug|Any CPU
		{B13545F0-3368-4B1C-9715-FEBFE8D51A6A}.Debug|x86.Build.0 = Debug|Any CPU
		{B13545F0-3368-4B1C-9715-FEBFE8D51A6A}.Release|Any CPU.ActiveCfg = Release|Any CPU
		{B13545F0-3368-4B1C-9715-FEBFE8D51A6A}.Release|Any CPU.Build.0 = Release|Any CPU
		{B13545F0-3368-4B1C-9715-FEBFE8D51A6A}.Release|x64.ActiveCfg = Release|Any CPU
		{B13545F0-3368-4B1C-9715-FEBFE8D51A6A}.Release|x64.Build.0 = Release|Any CPU
		{B13545F0-3368-4B1C-9715-FEBFE8D51A6A}.Release|x86.ActiveCfg = Release|Any CPU
		{B13545F0-3368-4B1C-9715-FEBFE8D51A6A}.Release|x86.Build.0 = Release|Any CPU
		{E9D2BC64-65FB-47CF-ABD5-94EB2E7F1EBB}.Debug|Any CPU.ActiveCfg = Debug|Any CPU
		{E9D2BC64-65FB-47CF-ABD5-94EB2E7F1EBB}.Debug|Any CPU.Build.0 = Debug|Any CPU
		{E9D2BC64-65FB-47CF-ABD5-94EB2E7F1EBB}.Debug|x64.ActiveCfg = Debug|Any CPU
		{E9D2BC64-65FB-47CF-ABD5-94EB2E7F1EBB}.Debug|x64.Build.0 = Debug|Any CPU
		{E9D2BC64-65FB-47CF-ABD5-94EB2E7F1EBB}.Debug|x86.ActiveCfg = Debug|Any CPU
		{E9D2BC64-65FB-47CF-ABD5-94EB2E7F1EBB}.Debug|x86.Build.0 = Debug|Any CPU
		{E9D2BC64-65FB-47CF-ABD5-94EB2E7F1EBB}.Release|Any CPU.ActiveCfg = Release|Any CPU
		{E9D2BC64-65FB-47CF-ABD5-94EB2E7F1EBB}.Release|Any CPU.Build.0 = Release|Any CPU
		{E9D2BC64-65FB-47CF-ABD5-94EB2E7F1EBB}.Release|x64.ActiveCfg = Release|Any CPU
		{E9D2BC64-65FB-47CF-ABD5-94EB2E7F1EBB}.Release|x64.Build.0 = Release|Any CPU
		{E9D2BC64-65FB-47CF-ABD5-94EB2E7F1EBB}.Release|x86.ActiveCfg = Release|Any CPU
		{E9D2BC64-65FB-47CF-ABD5-94EB2E7F1EBB}.Release|x86.Build.0 = Release|Any CPU
	EndGlobalSection
EndGlobal
